
Microsoft Visual Studio Solution File, Format Version 12.00
# Visual Studio 2012
Project("{FAE04EC0-301F-11D3-BF4B-00C04F79EFBC}") = "TrabalhoCG3", "TrabalhoCG3.csproj", "{D88EFEA4-6533-4415-8288-B874973DAC77}"
EndProject
Global
	GlobalSection(SolutionConfigurationPlatforms) = preSolution
		Debug|x86 = Debug|x86
		Release|x86 = Release|x86
	EndGlobalSection
	GlobalSection(ProjectConfigurationPlatforms) = postSolution
		{D88EFEA4-6533-4415-8288-B874973DAC77}.Debug|x86.ActiveCfg = Debug|x86
		{D88EFEA4-6533-4415-8288-B874973DAC77}.Debug|x86.Build.0 = Debug|x86
		{D88EFEA4-6533-4415-8288-B874973DAC77}.Release|x86.ActiveCfg = Release|x86
		{D88EFEA4-6533-4415-8288-B874973DAC77}.Release|x86.Build.0 = Release|x86
	EndGlobalSection
EndGlobal
